
Microsoft Visual Studio Solution File, Format Version 12.00
# Visual Studio Version 16
VisualStudioVersion = 16.0.32002.261
MinimumVisualStudioVersion = 10.0.40219.1
Project("{FAE04EC0-301F-11D3-BF4B-00C04F79EFBC}") = "our school", "our school.csproj", "{88B21DB1-446F-43D9-BEBE-577A07D01C34}"
EndProject
Global
	GlobalSection(SolutionConfigurationPlatforms) = preSolution
		Debug|Any CPU = Debug|Any CPU
		Release|Any CPU = Release|Any CPU
	EndGlobalSection
	GlobalSection(ProjectConfigurationPlatforms) = postSolution
		{88B21DB1-446F-43D9-BEBE-577A07D01C34}.Debug|Any CPU.ActiveCfg = Debug|Any CPU
		{88B21DB1-446F-43D9-BEBE-577A07D01C34}.Debug|Any CPU.Build.0 = Debug|Any CPU
		{88B21DB1-446F-43D9-BEBE-577A07D01C34}.Release|Any CPU.ActiveCfg = Release|Any CPU
		{88B21DB1-446F-43D9-BEBE-577A07D01C34}.Release|Any CPU.Build.0 = Release|Any CPU
	EndGlobalSection
	GlobalSection(SolutionProperties) = preSolution
		HideSolutionNode = FALSE
	EndGlobalSection
	GlobalSection(ExtensibilityGlobals) = postSolution
		SolutionGuid = {995EC959-6AB0-4846-B90A-0A305CB4BB6C}
	EndGlobalSection
EndGlobal
